
Microsoft Visual Studio Solution File, Format Version 12.00
# Visual Studio Version 17
VisualStudioVersion = 17.5.002.0
MinimumVisualStudioVersion = 10.0.40219.1
Project("{9A19103F-16F7-4668-BE54-9A1E7A4F7556}") = "Stopwatch", "Stopwatch.csproj", "{381DD4CB-32CB-4F91-BAE6-C466F521FAEC}"
EndProject
Global
	GlobalSection(SolutionConfigurationPlatforms) = preSolution
		Debug|Any CPU = Debug|Any CPU
		Release|Any CPU = Release|Any CPU
	EndGlobalSection
	GlobalSection(ProjectConfigurationPlatforms) = postSolution
		{381DD4CB-32CB-4F91-BAE6-C466F521FAEC}.Debug|Any CPU.ActiveCfg = Debug|Any CPU
		{381DD4CB-32CB-4F91-BAE6-C466F521FAEC}.Debug|Any CPU.Build.0 = Debug|Any CPU
		{381DD4CB-32CB-4F91-BAE6-C466F521FAEC}.Release|Any CPU.ActiveCfg = Release|Any CPU
		{381DD4CB-32CB-4F91-BAE6-C466F521FAEC}.Release|Any CPU.Build.0 = Release|Any CPU
	EndGlobalSection
	GlobalSection(SolutionProperties) = preSolution
		HideSolutionNode = FALSE
	EndGlobalSection
	GlobalSection(ExtensibilityGlobals) = postSolution
		SolutionGuid = {A4D30E13-5878-4907-96D8-812FB391F4CF}
	EndGlobalSection
EndGlobal
